{
  "originHash" : "0a18f898706115b03f2552bebaff0e96f45f1918633cbf99fd6f2806cc80dfe8",
  "pins" : [
    {
      "identity" : "logmanager",
      "kind" : "remoteSourceControl",
      "location" : "https://github.com/Appracatappra/LogManager",
      "state" : {
        "revision" : "bf916fa61fd3d3f006bcede8e9ca2d4910279478",
        "version" : "2.0.0"
      }
    },
    {
      "identity" : "simpleserializer",
      "kind" : "remoteSourceControl",
      "location" : "https://github.com/Appracatappra/SimpleSerializer",
      "state" : {
        "revision" : "77d7fb43e248e710d0d6a348849a29d3b8a2c504",
        "version" : "2.0.0"
      }
    },
    {
      "identity" : "swiftletutilities",
      "kind" : "remoteSourceControl",
      "location" : "https://github.com/Appracatappra/SwiftletUtilities",
      "state" : {
        "revision" : "a587162e03f9af3d474535100f89d8db64b82345",
        "version" : "2.0.0"
      }
    }
  ],
  "version" : 3
}
