{
  "originHash" : "5e4b8b3305aa228fcea12ce76cd30b92caf3c74989f1362e3199e6d202c833ad",
  "pins" : [
    {
      "identity" : "logmanager",
      "kind" : "remoteSourceControl",
      "location" : "https://github.com/Appracatappra/LogManager",
      "state" : {
        "revision" : "0dc18ac85ccdbb979152a1e4f64bfc6f377513b1",
        "version" : "2.1.0"
      }
    },
    {
      "identity" : "simpleserializer",
      "kind" : "remoteSourceControl",
      "location" : "https://github.com/Appracatappra/SimpleSerializer",
      "state" : {
        "revision" : "ecfea26cc5a37441009297cc97b660fd5190c15f",
        "version" : "2.5.0"
      }
    },
    {
      "identity" : "swiftletutilities",
      "kind" : "remoteSourceControl",
      "location" : "https://github.com/Appracatappra/SwiftletUtilities",
      "state" : {
        "revision" : "9ef9333b19433eb9a6d344a1ed0c1c00fb232e5a",
        "version" : "2.1.3"
      }
    }
  ],
  "version" : 3
}
